
Microsoft Visual Studio Solution File, Format Version 12.00
# Visual Studio Version 16
VisualStudioVersion = 16.0.29905.134
MinimumVisualStudioVersion = 10.0.40219.1
Project("{9A19103F-16F7-4668-BE54-9A1E7A4F7556}") = "learn", "learn\learn.csproj", "{DA73C63E-3DE8-429D-B140-612ED3F641DD}"
EndProject
Project("{FAE04EC0-301F-11D3-BF4B-00C04F79EFBC}") = "learn-delegate-and-events", "learn-delegate-and-events\learn-delegate-and-events.csproj", "{10410062-3C31-4FE7-A25E-F75F17DF56B2}"
EndProject
Global
	GlobalSection(SolutionConfigurationPlatforms) = preSolution
		Debug|Any CPU = Debug|Any CPU
		Release|Any CPU = Release|Any CPU
	EndGlobalSection
	GlobalSection(ProjectConfigurationPlatforms) = postSolution
		{DA73C63E-3DE8-429D-B140-612ED3F641DD}.Debug|Any CPU.ActiveCfg = Debug|Any CPU
		{DA73C63E-3DE8-429D-B140-612ED3F641DD}.Debug|Any CPU.Build.0 = Debug|Any CPU
		{DA73C63E-3DE8-429D-B140-612ED3F641DD}.Release|Any CPU.ActiveCfg = Release|Any CPU
		{DA73C63E-3DE8-429D-B140-612ED3F641DD}.Release|Any CPU.Build.0 = Release|Any CPU
		{10410062-3C31-4FE7-A25E-F75F17DF56B2}.Debug|Any CPU.ActiveCfg = Debug|Any CPU
		{10410062-3C31-4FE7-A25E-F75F17DF56B2}.Debug|Any CPU.Build.0 = Debug|Any CPU
		{10410062-3C31-4FE7-A25E-F75F17DF56B2}.Release|Any CPU.ActiveCfg = Release|Any CPU
		{10410062-3C31-4FE7-A25E-F75F17DF56B2}.Release|Any CPU.Build.0 = Release|Any CPU
	EndGlobalSection
	GlobalSection(SolutionProperties) = preSolution
		HideSolutionNode = FALSE
	EndGlobalSection
	GlobalSection(ExtensibilityGlobals) = postSolution
		SolutionGuid = {825A4CDF-B034-4174-9D35-005F1EFEE48F}
	EndGlobalSection
EndGlobal
