
Microsoft Visual Studio Solution File, Format Version 12.00
# Visual Studio Version 16
VisualStudioVersion = 16.0.29905.134
MinimumVisualStudioVersion = 10.0.40219.1
Project("{9A19103F-16F7-4668-BE54-9A1E7A4F7556}") = "delegate", "learn\delegate.csproj", "{DA73C63E-3DE8-429D-B140-612ED3F641DD}"
EndProject
Project("{9A19103F-16F7-4668-BE54-9A1E7A4F7556}") = "delegate-and-events", "learn-delegate-and-events\delegate-and-events.csproj", "{10410062-3C31-4FE7-A25E-F75F17DF56B2}"
EndProject
Project("{9A19103F-16F7-4668-BE54-9A1E7A4F7556}") = "linq", "learn-class-extension\linq.csproj", "{9B928273-CE74-40AE-A850-3A9C145D39B4}"
EndProject
Project("{9A19103F-16F7-4668-BE54-9A1E7A4F7556}") = "nullable-types-and-dynamics", "learn-nullable-types-and-dynamics\nullable-types-and-dynamics.csproj", "{EB34950C-E24E-4F7A-B759-B25F71CA0C62}"
EndProject
Project("{9A19103F-16F7-4668-BE54-9A1E7A4F7556}") = "exception-handling", "exception-handling\exception-handling.csproj", "{263D7207-D9A4-4FC6-BE68-A96757C394CC}"
EndProject
Project("{FAE04EC0-301F-11D3-BF4B-00C04F79EFBC}") = "async-await-with-wpf", "async-await-with-wpf\async-await-with-wpf.csproj", "{F6F9608F-91AD-4C1B-8946-92415A191AE6}"
EndProject
Global
	GlobalSection(SolutionConfigurationPlatforms) = preSolution
		Debug|Any CPU = Debug|Any CPU
		Release|Any CPU = Release|Any CPU
	EndGlobalSection
	GlobalSection(ProjectConfigurationPlatforms) = postSolution
		{DA73C63E-3DE8-429D-B140-612ED3F641DD}.Debug|Any CPU.ActiveCfg = Debug|Any CPU
		{DA73C63E-3DE8-429D-B140-612ED3F641DD}.Debug|Any CPU.Build.0 = Debug|Any CPU
		{DA73C63E-3DE8-429D-B140-612ED3F641DD}.Release|Any CPU.ActiveCfg = Release|Any CPU
		{DA73C63E-3DE8-429D-B140-612ED3F641DD}.Release|Any CPU.Build.0 = Release|Any CPU
		{10410062-3C31-4FE7-A25E-F75F17DF56B2}.Debug|Any CPU.ActiveCfg = Debug|Any CPU
		{10410062-3C31-4FE7-A25E-F75F17DF56B2}.Debug|Any CPU.Build.0 = Debug|Any CPU
		{10410062-3C31-4FE7-A25E-F75F17DF56B2}.Release|Any CPU.ActiveCfg = Release|Any CPU
		{10410062-3C31-4FE7-A25E-F75F17DF56B2}.Release|Any CPU.Build.0 = Release|Any CPU
		{9B928273-CE74-40AE-A850-3A9C145D39B4}.Debug|Any CPU.ActiveCfg = Debug|Any CPU
		{9B928273-CE74-40AE-A850-3A9C145D39B4}.Debug|Any CPU.Build.0 = Debug|Any CPU
		{9B928273-CE74-40AE-A850-3A9C145D39B4}.Release|Any CPU.ActiveCfg = Release|Any CPU
		{9B928273-CE74-40AE-A850-3A9C145D39B4}.Release|Any CPU.Build.0 = Release|Any CPU
		{EB34950C-E24E-4F7A-B759-B25F71CA0C62}.Debug|Any CPU.ActiveCfg = Debug|Any CPU
		{EB34950C-E24E-4F7A-B759-B25F71CA0C62}.Debug|Any CPU.Build.0 = Debug|Any CPU
		{EB34950C-E24E-4F7A-B759-B25F71CA0C62}.Release|Any CPU.ActiveCfg = Release|Any CPU
		{EB34950C-E24E-4F7A-B759-B25F71CA0C62}.Release|Any CPU.Build.0 = Release|Any CPU
		{263D7207-D9A4-4FC6-BE68-A96757C394CC}.Debug|Any CPU.ActiveCfg = Debug|Any CPU
		{263D7207-D9A4-4FC6-BE68-A96757C394CC}.Debug|Any CPU.Build.0 = Debug|Any CPU
		{263D7207-D9A4-4FC6-BE68-A96757C394CC}.Release|Any CPU.ActiveCfg = Release|Any CPU
		{263D7207-D9A4-4FC6-BE68-A96757C394CC}.Release|Any CPU.Build.0 = Release|Any CPU
		{F6F9608F-91AD-4C1B-8946-92415A191AE6}.Debug|Any CPU.ActiveCfg = Debug|Any CPU
		{F6F9608F-91AD-4C1B-8946-92415A191AE6}.Debug|Any CPU.Build.0 = Debug|Any CPU
		{F6F9608F-91AD-4C1B-8946-92415A191AE6}.Release|Any CPU.ActiveCfg = Release|Any CPU
		{F6F9608F-91AD-4C1B-8946-92415A191AE6}.Release|Any CPU.Build.0 = Release|Any CPU
	EndGlobalSection
	GlobalSection(SolutionProperties) = preSolution
		HideSolutionNode = FALSE
	EndGlobalSection
	GlobalSection(ExtensibilityGlobals) = postSolution
		SolutionGuid = {825A4CDF-B034-4174-9D35-005F1EFEE48F}
	EndGlobalSection
EndGlobal
